dependencies:
  '@types/node': 13.1.6
  '@types/semver': 6.2.0
  semver: 7.1.1
  tslib: 2.0.0
lockfileVersion: 5.1
packages:
  /@types/node/13.1.6:
    dev: false
    resolution:
      integrity: sha512-Jg1F+bmxcpENHP23sVKkNuU3uaxPnsBMW0cLjleiikFKomJQbsn0Cqk2yDvQArqzZN6ABfBkZ0To7pQ8sLdWDg==
  /@types/semver/6.2.0:
    dev: false
    resolution:
      integrity: sha512-1OzrNb4RuAzIT7wHSsgZRlMBlNsJl+do6UblR7JMW4oB7bbR+uBEYtUh7gEc/jM84GGilh68lSOokyM/zNUlBA==
  /semver/7.1.1:
    dev: false
    engines:
      node: '>=10'
    hasBin: true
    resolution:
      integrity: sha512-WfuG+fl6eh3eZ2qAf6goB7nhiCd7NPXhmyFxigB/TOkQyeLP8w8GsVehvtGNtnNmyboz4TgeK40B1Kbql/8c5A==
  /tslib/2.0.0:
    dev: false
    resolution:
      integrity: sha512-lTqkx847PI7xEDYJntxZH89L2/aXInsyF2luSafe/+0fHOMjlBNXdH6th7f70qxLDhul7KZK0zC8V5ZIyHl0/g==
specifiers:
  '@types/node': ^13.1.6
  '@types/semver': ^6.2.0
  semver: ^7.1.1
  tslib: ^2.0.0
