dependencies:
  '@types/node': 12.7.1
  advanced-map-types: 'link:../advanced-map-types'
  tslib: 1.10.0
  typescript-miscellaneous: 0.1.1
lockfileVersion: 5.1
packages:
  /@types/node/10.14.15:
    dev: false
    resolution:
      integrity: sha512-CBR5avlLcu0YCILJiDIXeU2pTw7UK/NIxfC63m7d7CVamho1qDEzXKkOtEauQRPMy6MI8mLozth+JJkas7HY6g==
  /@types/node/12.7.1:
    dev: false
    resolution:
      integrity: sha512-aK9jxMypeSrhiYofWWBf/T7O+KwaiAHzM4sveCdWPn71lzUSMimRnKzhXDKfKwV1kWoBo2P1aGgaIYGLf9/ljw==
  /tslib/1.10.0:
    dev: false
    resolution:
      integrity: sha512-qOebF53frne81cf0S9B41ByenJ3/IuH8yJKngAX35CmiZySA0khhkovshKK+jGCaMnVomla7gVlIcc3EvKPbTQ==
  /typescript-miscellaneous/0.1.1:
    dependencies:
      '@types/node': 10.14.15
      tslib: 1.10.0
    dev: false
    engines:
      node: '>= 8.9.0'
      typescript: '>= 3.0.0'
    resolution:
      integrity: sha512-dyGMilZPOL/qQMlJSWK+SbQyJpf6YZZPmPrbbdHGkAvGUvlhv4kGKTgddXWLxFWHTirR2I0VfD8mSwia3WLGtA==
specifiers:
  '@types/node': ^12.7.1
  advanced-map-types: ^0.0.2
  tslib: ^1.10.0
  typescript-miscellaneous: ^0.1.1
