dependencies:
  '@types/node': 13.1.6
  advanced-map-types: 'link:../advanced-map-types'
  tslib: 1.10.0
  typescript-miscellaneous: 0.1.1
lockfileVersion: 5.1
packages:
  /@types/node/10.14.20:
    dev: false
    resolution:
      integrity: sha512-An+MXSV8CGXz/BO9C1KKsoJ/8WDrvlNUaRMsm2h+IHZuSyQkM8U5bJJkb8ItLKA73VePG/nUK+t+EuW2IWuhsQ==
  /@types/node/13.1.6:
    dev: false
    resolution:
      integrity: sha512-Jg1F+bmxcpENHP23sVKkNuU3uaxPnsBMW0cLjleiikFKomJQbsn0Cqk2yDvQArqzZN6ABfBkZ0To7pQ8sLdWDg==
  /tslib/1.10.0:
    dev: false
    resolution:
      integrity: sha512-qOebF53frne81cf0S9B41ByenJ3/IuH8yJKngAX35CmiZySA0khhkovshKK+jGCaMnVomla7gVlIcc3EvKPbTQ==
  /typescript-miscellaneous/0.1.1:
    dependencies:
      '@types/node': 10.14.20
      tslib: 1.10.0
    dev: false
    engines:
      node: '>= 8.9.0'
      typescript: '>= 3.0.0'
    resolution:
      integrity: sha512-dyGMilZPOL/qQMlJSWK+SbQyJpf6YZZPmPrbbdHGkAvGUvlhv4kGKTgddXWLxFWHTirR2I0VfD8mSwia3WLGtA==
specifiers:
  '@types/node': ^13.1.6
  advanced-map-types: ^0.0.3
  tslib: ^1.10.0
  typescript-miscellaneous: ^0.1.1
