lockfileVersion: 5.3

specifiers:
  '@types/node': ^16.0.0
  advanced-map-base: ^0.0.4
  advanced-map-types: ^0.0.4
  tslib: ^1.10.0

dependencies:
  '@types/node': 16.11.60
  advanced-map-base: link:../advanced-map-base
  advanced-map-types: link:../advanced-map-types
  tslib: 1.10.0

packages:

  /@types/node/16.11.60:
    resolution: {integrity: sha512-kYIYa1D1L+HDv5M5RXQeEu1o0FKA6yedZIoyugm/MBPROkLpX4L7HRxMrPVyo8bnvjpW/wDlqFNGzXNMb7AdRw==}
    dev: false

  /tslib/1.10.0:
    resolution: {integrity: sha512-qOebF53frne81cf0S9B41ByenJ3/IuH8yJKngAX35CmiZySA0khhkovshKK+jGCaMnVomla7gVlIcc3EvKPbTQ==}
    dev: false
