dependencies:
  '@types/node': 12.7.5
  '@types/ramda': 0.26.21
  immutable: 4.0.0-rc.12
  ramda: 0.26.1
  tslib: 1.10.0
lockfileVersion: 5.1
packages:
  /@types/node/12.7.5:
    dev: false
    resolution:
      integrity: sha512-9fq4jZVhPNW8r+UYKnxF1e2HkDWOWKM5bC2/7c9wPV835I0aOrVbS/Hw/pWPk2uKrNXQqg9Z959Kz+IYDd5p3w==
  /@types/ramda/0.26.21:
    dependencies:
      ts-toolbelt: 3.8.92
    dev: false
    resolution:
      integrity: sha512-zMYtIZMceA6BvH+or6LmewLBgojbXg5+FGCwjO8K+Z+d/ZWxILmhhASXkehW0PqJL+V0QbyDeeAHix0dvEKXfQ==
  /immutable/4.0.0-rc.12:
    dev: false
    resolution:
      integrity: sha512-0M2XxkZLx/mi3t8NVwIm1g8nHoEmM9p9UBl/G9k4+hm0kBgOVdMV/B3CY5dQ8qG8qc80NN4gDV4HQv6FTJ5q7A==
  /ramda/0.26.1:
    dev: false
    resolution:
      integrity: sha512-hLWjpy7EnsDBb0p+Z3B7rPi3GDeRG5ZtiI33kJhTt+ORCd38AbAIjB/9zRIUoeTbE/AVX5ZkU7m6bznsvrf8eQ==
  /ts-toolbelt/3.8.92:
    dev: false
    resolution:
      integrity: sha512-8weyhjSrpxBdkcSZF4qV6aq/q7S795dKS3SWxGhAs7msilb3eVN8ozuXBlDR5ivQVFvp9cfgwXb+Nb4aKEg0tg==
  /tslib/1.10.0:
    dev: false
    resolution:
      integrity: sha512-qOebF53frne81cf0S9B41ByenJ3/IuH8yJKngAX35CmiZySA0khhkovshKK+jGCaMnVomla7gVlIcc3EvKPbTQ==
specifiers:
  '@types/node': ^12.7.5
  '@types/ramda': ^0.26.21
  immutable: ^4.0.0-rc.12
  ramda: ^0.26.1
  tslib: ^1.10.0
