lockfileVersion: 5.3

specifiers:
  '@types/node': ^14.0.0
  advanced-map-altered-equal: ^0.0.5
  advanced-map-types: ^0.0.4
  create-array-equal: ^0.0.3
  tslib: ^1.10.0

dependencies:
  '@types/node': 14.17.21
  advanced-map-altered-equal: link:../advanced-map-altered-equal
  advanced-map-types: link:../advanced-map-types
  create-array-equal: link:../create-array-equal
  tslib: 1.10.0

packages:

  /@types/node/14.17.21:
    resolution: {integrity: sha512-zv8ukKci1mrILYiQOwGSV4FpkZhyxQtuFWGya2GujWg+zVAeRQ4qbaMmWp9vb9889CFA8JECH7lkwCL6Ygg8kA==}
    dev: false

  /tslib/1.10.0:
    resolution: {integrity: sha512-qOebF53frne81cf0S9B41ByenJ3/IuH8yJKngAX35CmiZySA0khhkovshKK+jGCaMnVomla7gVlIcc3EvKPbTQ==}
    dev: false
