dependencies:
  '@types/fs-extra': 5.0.5
  '@types/js-yaml': 3.12.0
  '@types/node': 11.12.0
  '@types/ramda': 0.26.5
  fs-extra: 7.0.1
  fs-tree-utils: 'link:../fs-tree-utils'
  js-yaml: 3.13.0
  ramda: 0.26.1
  tslib: 1.9.3
  unique-temp-path: 'link:../unique-temp-path'
lockfileVersion: 5
packages:
  /@types/fs-extra/5.0.5:
    dependencies:
      '@types/node': 11.12.0
    dev: false
    resolution:
      integrity: sha512-w7iqhDH9mN8eLClQOYTkhdYUOSpp25eXxfc6VbFOGtzxW34JcvctH2bKjj4jD4++z4R5iO5D+pg48W2e03I65A==
  /@types/js-yaml/3.12.0:
    dev: false
    resolution:
      integrity: sha512-UGEe/6RsNAxgWdknhzFZbCxuYc5I7b/YEKlfKbo+76SM8CJzGs7XKCj7zyugXViRbKYpXhSXhCYVQZL5tmDbpQ==
  /@types/node/11.12.0:
    dev: false
    resolution:
      integrity: sha512-Lg00egj78gM+4aE0Erw05cuDbvX9sLJbaaPwwRtdCdAMnIudqrQZ0oZX98Ek0yiSK/A2nubHgJfvII/rTT2Dwg==
  /@types/ramda/0.26.5:
    dev: false
    resolution:
      integrity: sha512-0W7/G3OfpqoNLp10UA+2a7cKNZeUaqSULdCrHU8Xrum1O+ZZQR9dk3CgNFD2u2+eJ5PfTL3kk/xzrfgjFf6f8w==
  /argparse/1.0.10:
    dependencies:
      sprintf-js: 1.0.3
    dev: false
    resolution:
      integrity: sha512-o5Roy6tNG4SL/FOkCAN6RzjiakZS25RLYFrcMttJqbdd8BWrnA+fGz57iN5Pb06pvBGvl5gQ0B48dJlslXvoTg==
  /esprima/4.0.1:
    dev: false
    engines:
      node: '>=4'
    hasBin: true
    resolution:
      integrity: sha512-eGuFFw7Upda+g4p+QHvnW0RyTX/SVeJBDM/gCtMARO0cLuT2HcEKnTPvhjV6aGeqrCB/sbNop0Kszm0jsaWU4A==
  /fs-extra/7.0.1:
    dependencies:
      graceful-fs: 4.1.15
      jsonfile: 4.0.0
      universalify: 0.1.2
    dev: false
    engines:
      node: '>=6 <7 || >=8'
    resolution:
      integrity: sha512-YJDaCJZEnBmcbw13fvdAM9AwNOJwOzrE4pqMqBq5nFiEqXUqHwlK4B+3pUw6JNvfSPtX05xFHtYy/1ni01eGCw==
  /graceful-fs/4.1.15:
    dev: false
    resolution:
      integrity: sha512-6uHUhOPEBgQ24HM+r6b/QwWfZq+yiFcipKFrOFiBEnWdy5sdzYoi+pJeQaPI5qOLRFqWmAXUPQNsielzdLoecA==
  /js-yaml/3.13.0:
    dependencies:
      argparse: 1.0.10
      esprima: 4.0.1
    dev: false
    hasBin: true
    resolution:
      integrity: sha512-pZZoSxcCYco+DIKBTimr67J6Hy+EYGZDY/HCWC+iAEA9h1ByhMXAIVUXMcMFpOCxQ/xjXmPI2MkDL5HRm5eFrQ==
  /jsonfile/4.0.0:
    dev: false
    optionalDependencies:
      graceful-fs: 4.1.15
    resolution:
      integrity: sha1-h3Gq4HmbZAdrdmQPygWPnBDjPss=
  /ramda/0.26.1:
    dev: false
    resolution:
      integrity: sha512-hLWjpy7EnsDBb0p+Z3B7rPi3GDeRG5ZtiI33kJhTt+ORCd38AbAIjB/9zRIUoeTbE/AVX5ZkU7m6bznsvrf8eQ==
  /sprintf-js/1.0.3:
    dev: false
    resolution:
      integrity: sha1-BOaSb2YolTVPPdAVIDYzuFcpfiw=
  /tslib/1.9.3:
    dev: false
    resolution:
      integrity: sha512-4krF8scpejhaOgqzBEcGM7yDIEfi0/8+8zDRZhNZZ2kjmHJ4hv3zCbQWxoJGz1iw5U0Jl0nma13xzHXcncMavQ==
  /universalify/0.1.2:
    dev: false
    engines:
      node: '>= 4.0.0'
    resolution:
      integrity: sha512-rBJeI5CXAlmy1pV+617WB9J63U6XcazHHF2f2dbJix4XzpUF0RS3Zbj0FGIOCAva5P/d/GBOYaACQ1w+0azUkg==
specifiers:
  '@types/fs-extra': ^5.0.5
  '@types/js-yaml': ^3.12.0
  '@types/node': ^11.12.0
  '@types/ramda': ^0.26.5
  fs-extra: ^7.0.1
  fs-tree-utils: ^0.1.6
  js-yaml: ^3.13.0
  ramda: ^0.26.1
  tslib: ^1.9.3
  unique-temp-path: ^0.1.1
