dependencies:
  fs-tree-utils: 'link:../fs-tree-utils'
  unique-temp-path: 'link:../unique-temp-path'
lockfileVersion: 5
specifiers:
  '@types/fs-extra': ^5.0.4
  '@types/js-yaml': ^3.11.2
  '@types/node': ^10.9.3
  '@types/ramda': ^0.26.0
  fs-extra: ^7.0.0
  fs-tree-utils: ^0.1.6
  js-yaml: ^3.12.0
  ramda: ^0.26.0
  tslib: ^1.9.3
  unique-temp-path: ^0.1.1
