dependencies:
  '@tsfun/array': 0.0.8
  '@types/node': 13.1.6
  tslib: 1.10.0
lockfileVersion: 5.2
packages:
  /@tsfun/array/0.0.8:
    dependencies:
      '@types/node': 14.14.6
      tslib: 2.0.3
    dev: false
    resolution:
      integrity: sha512-7G8HXcIl5wPTuEdPG2Nz+jrIbtL1rvN6f1zgheG+FLJhWvaxJOgAX5oAC+e1nSK29yXIpW8WuMJDSpyUp2W3ag==
  /@types/node/13.1.6:
    dev: false
    resolution:
      integrity: sha512-Jg1F+bmxcpENHP23sVKkNuU3uaxPnsBMW0cLjleiikFKomJQbsn0Cqk2yDvQArqzZN6ABfBkZ0To7pQ8sLdWDg==
  /@types/node/14.14.6:
    dev: false
    resolution:
      integrity: sha512-6QlRuqsQ/Ox/aJEQWBEJG7A9+u7oSYl3mem/K8IzxXG/kAGbV1YPD9Bg9Zw3vyxC/YP+zONKwy8hGkSt1jxFMw==
  /tslib/1.10.0:
    dev: false
    resolution:
      integrity: sha512-qOebF53frne81cf0S9B41ByenJ3/IuH8yJKngAX35CmiZySA0khhkovshKK+jGCaMnVomla7gVlIcc3EvKPbTQ==
  /tslib/2.0.3:
    dev: false
    resolution:
      integrity: sha512-uZtkfKblCEQtZKBF6EBXVZeQNl82yqtDQdv+eck8u7tdPxjLu2/lp5/uPW+um2tpuxINHWy3GhiccY7QgEaVHQ==
specifiers:
  '@tsfun/array': ^0.0.8
  '@types/node': ^13.1.6
  tslib: ^1.10.0
