dependencies:
  fs-tree-utils: 'link:../fs-tree-utils'
devDependencies:
  extra-jest: 'link:../extra-jest'
  preloaded-node.private: 'link:../../javascript/preloaded-node.private'
lockfileVersion: 5
specifiers:
  '@types/fs-extra': ^5.0.4
  '@types/node': ^10.9.3
  '@types/ramda': ^0.26.0
  '@types/yargs': ^12.0.0
  extra-jest: '*'
  fs-extra: ^7.0.0
  fs-tree-utils: ^0.1.6
  preloaded-node.private: '*'
  ramda: ^0.26.0
  tslib: ^1.9.3
  yargs: ^12.0.1
