lockfileVersion: 5.3

specifiers:
  '@types/node': ^14.0.0
  tslib: ^1.10.0

dependencies:
  '@types/node': 14.17.2
  tslib: 1.10.0

packages:

  /@types/node/14.17.2:
    resolution: {integrity: sha512-sld7b/xmFum66AAKuz/rp/CUO8+98fMpyQ3SBfzzBNGMd/1iHBTAg9oyAvcYlAj46bpc74r91jSw2iFdnx29nw==}
    dev: false

  /tslib/1.10.0:
    resolution: {integrity: sha512-qOebF53frne81cf0S9B41ByenJ3/IuH8yJKngAX35CmiZySA0khhkovshKK+jGCaMnVomla7gVlIcc3EvKPbTQ==}
    dev: false
