dependencies:
  advanced-map-altered-equal: 'link:../advanced-map-altered-equal'
  advanced-map-base: 'link:../advanced-map-base'
  advanced-map-initialized: 'link:../advanced-map-initialized'
  advanced-map-multi-key: 'link:../advanced-map-multi-key'
  advanced-map-multi-key-base: 'link:../advanced-map-multi-key-base'
  advanced-map-mutable-multi-key: 'link:../advanced-map-mutable-multi-key'
  advanced-map-types: 'link:../advanced-map-types'
lockfileVersion: 5
specifiers:
  '@types/node': ^10.9.3
  advanced-map-altered-equal: ^0.0.3
  advanced-map-base: ^0.0.2
  advanced-map-initialized: ^0.0.2
  advanced-map-multi-key: ^0.0.5
  advanced-map-multi-key-base: ^0.0.3
  advanced-map-mutable-multi-key: ^0.0.3
  advanced-map-types: ^0.0.2
  iter-tools: ^6.1.4
  tslib: ^1.9.3
