dependencies:
  '@types/node': 13.1.6
  advanced-map-altered-equal: 'link:../advanced-map-altered-equal'
  advanced-map-base: 'link:../advanced-map-base'
  advanced-map-initialized: 'link:../advanced-map-initialized'
  advanced-map-multi-key: 'link:../advanced-map-multi-key'
  advanced-map-multi-key-base: 'link:../advanced-map-multi-key-base'
  advanced-map-mutable-multi-key: 'link:../advanced-map-mutable-multi-key'
  advanced-map-types: 'link:../advanced-map-types'
  tslib: 1.10.0
devDependencies:
  iter-tools: 7.0.2
lockfileVersion: 5.2
packages:
  /@babel/runtime/7.12.5:
    dependencies:
      regenerator-runtime: 0.13.7
    dev: true
    resolution:
      integrity: sha512-plcc+hbExy3McchJCEQG3knOsuh3HH+Prx1P6cLIkET/0dLuQDEnrT+s27Axgc9bqfsmNUNHfscgMUdBpC9xfg==
  /@types/node/13.1.6:
    dev: false
    resolution:
      integrity: sha512-Jg1F+bmxcpENHP23sVKkNuU3uaxPnsBMW0cLjleiikFKomJQbsn0Cqk2yDvQArqzZN6ABfBkZ0To7pQ8sLdWDg==
  /iter-tools/7.0.2:
    dependencies:
      '@babel/runtime': 7.12.5
    dev: true
    resolution:
      integrity: sha512-eQOeYO/EocvvxYJO0rcuMNr3sqsOe+LRxDLmAPmKmqIlLoJ90GFxRv/oSJ3yr0FcxOOcrH0ivmKoal/DOmSO+w==
  /regenerator-runtime/0.13.7:
    dev: true
    resolution:
      integrity: sha512-a54FxoJDIr27pgf7IgeQGxmqUNYrcV338lf/6gH456HZ/PhX+5BcwHXG9ajESmwe6WRO0tAzRUrRmNONWgkrew==
  /tslib/1.10.0:
    dev: false
    resolution:
      integrity: sha512-qOebF53frne81cf0S9B41ByenJ3/IuH8yJKngAX35CmiZySA0khhkovshKK+jGCaMnVomla7gVlIcc3EvKPbTQ==
specifiers:
  '@types/node': ^13.1.6
  advanced-map-altered-equal: ^0.0.5
  advanced-map-base: ^0.0.4
  advanced-map-initialized: ^0.0.4
  advanced-map-multi-key: ^0.0.7
  advanced-map-multi-key-base: ^0.0.5
  advanced-map-mutable-multi-key: ^0.0.5
  advanced-map-types: ^0.0.4
  iter-tools: ^7.0.0
  tslib: ^1.10.0
