dependencies:
  '@types/node': 11.12.0
  '@types/node-fetch': 2.1.7
  node-fetch: 2.3.0
  tslib: 1.9.3
lockfileVersion: 5
packages:
  /@types/node-fetch/2.1.7:
    dependencies:
      '@types/node': 11.12.0
    dev: false
    resolution:
      integrity: sha512-TZozHCDVrs0Aj1B9ZR5F4Q9MknDNcVd+hO5lxXOCzz07ELBey6s1gMUSZHUYHlPfRFKJFXiTnNuD7ePiI6S4/g==
  /@types/node/11.12.0:
    dev: false
    resolution:
      integrity: sha512-Lg00egj78gM+4aE0Erw05cuDbvX9sLJbaaPwwRtdCdAMnIudqrQZ0oZX98Ek0yiSK/A2nubHgJfvII/rTT2Dwg==
  /node-fetch/2.3.0:
    dev: false
    engines:
      node: 4.x || >=6.0.0
    resolution:
      integrity: sha512-MOd8pV3fxENbryESLgVIeaGKrdl+uaYhCSSVkjeOb/31/njTpcis5aWfdqgNlHIrKOLRbMnfPINPOML2CIFeXA==
  /tslib/1.9.3:
    dev: false
    resolution:
      integrity: sha512-4krF8scpejhaOgqzBEcGM7yDIEfi0/8+8zDRZhNZZ2kjmHJ4hv3zCbQWxoJGz1iw5U0Jl0nma13xzHXcncMavQ==
specifiers:
  '@types/node': ^11.12.0
  '@types/node-fetch': ^2.1.7
  node-fetch: ^2.3.0
  tslib: ^1.9.3
