lockfileVersion: 5.3

specifiers:
  '@types/node': ^14.0.0
  advanced-set-types: ^0.0.2
  tslib: ^1.10.0
  typescript-miscellaneous: ^0.1.1

dependencies:
  '@types/node': 14.17.21
  advanced-set-types: link:../advanced-set-types
  tslib: 1.10.0
  typescript-miscellaneous: 0.1.1

packages:

  /@types/node/10.14.20:
    resolution: {integrity: sha512-An+MXSV8CGXz/BO9C1KKsoJ/8WDrvlNUaRMsm2h+IHZuSyQkM8U5bJJkb8ItLKA73VePG/nUK+t+EuW2IWuhsQ==}
    dev: false

  /@types/node/14.17.21:
    resolution: {integrity: sha512-zv8ukKci1mrILYiQOwGSV4FpkZhyxQtuFWGya2GujWg+zVAeRQ4qbaMmWp9vb9889CFA8JECH7lkwCL6Ygg8kA==}
    dev: false

  /tslib/1.10.0:
    resolution: {integrity: sha512-qOebF53frne81cf0S9B41ByenJ3/IuH8yJKngAX35CmiZySA0khhkovshKK+jGCaMnVomla7gVlIcc3EvKPbTQ==}
    dev: false

  /typescript-miscellaneous/0.1.1:
    resolution: {integrity: sha512-dyGMilZPOL/qQMlJSWK+SbQyJpf6YZZPmPrbbdHGkAvGUvlhv4kGKTgddXWLxFWHTirR2I0VfD8mSwia3WLGtA==}
    engines: {node: '>= 8.9.0', typescript: '>= 3.0.0'}
    dependencies:
      '@types/node': 10.14.20
      tslib: 1.10.0
    dev: false
