dependencies:
  '@tsfun/array': 0.0.0
  '@types/fs-extra': 9.0.1
  '@types/node': 13.1.6
  fs-extra: 9.0.1
  monorepo-shared-assets: 'link:../monorepo-shared-assets'
  tslib: 1.10.0
devDependencies:
  unique-temp-path: 'link:../unique-temp-path'
lockfileVersion: 5.1
packages:
  /@tsfun/array/0.0.0:
    dependencies:
      '@types/node': 13.1.6
      tslib: 1.10.0
    dev: false
    resolution:
      integrity: sha512-y18KD65Ba1a7jXJ8PBIGjfkCtR32wd0XOPaV5D8z9uBiNE+pIF0PCnHKVHZ4+GcaRa/Y7HkTWJxmcjs283ggmw==
  /@types/fs-extra/9.0.1:
    dependencies:
      '@types/node': 13.1.6
    dev: false
    resolution:
      integrity: sha512-B42Sxuaz09MhC3DDeW5kubRcQ5by4iuVQ0cRRWM2lggLzAa/KVom0Aft/208NgMvNQQZ86s5rVcqDdn/SH0/mg==
  /@types/node/13.1.6:
    dev: false
    resolution:
      integrity: sha512-Jg1F+bmxcpENHP23sVKkNuU3uaxPnsBMW0cLjleiikFKomJQbsn0Cqk2yDvQArqzZN6ABfBkZ0To7pQ8sLdWDg==
  /at-least-node/1.0.0:
    dev: false
    engines:
      node: '>= 4.0.0'
    resolution:
      integrity: sha512-+q/t7Ekv1EDY2l6Gda6LLiX14rU9TV20Wa3ofeQmwPFZbOMo9DXrLbOjFaaclkXKWidIaopwAObQDqwWtGUjqg==
  /fs-extra/9.0.1:
    dependencies:
      at-least-node: 1.0.0
      graceful-fs: 4.2.2
      jsonfile: 6.0.1
      universalify: 1.0.0
    dev: false
    engines:
      node: '>=10'
    resolution:
      integrity: sha512-h2iAoN838FqAFJY2/qVpzFXy+EBxfVE220PalAqQLDVsFOHLJrZvut5puAbCdNv6WJk+B8ihI+k0c7JK5erwqQ==
  /graceful-fs/4.2.2:
    dev: false
    resolution:
      integrity: sha512-IItsdsea19BoLC7ELy13q1iJFNmd7ofZH5+X/pJr90/nRoPEX0DJo1dHDbgtYWOhJhcCgMDTOw84RZ72q6lB+Q==
  /jsonfile/6.0.1:
    dependencies:
      universalify: 1.0.0
    dev: false
    optionalDependencies:
      graceful-fs: 4.2.2
    resolution:
      integrity: sha512-jR2b5v7d2vIOust+w3wtFKZIfpC2pnRmFAhAC/BuweZFQR8qZzxH1OyrQ10HmdVYiXWkYUqPVsz91cG7EL2FBg==
  /tslib/1.10.0:
    dev: false
    resolution:
      integrity: sha512-qOebF53frne81cf0S9B41ByenJ3/IuH8yJKngAX35CmiZySA0khhkovshKK+jGCaMnVomla7gVlIcc3EvKPbTQ==
  /universalify/1.0.0:
    dev: false
    engines:
      node: '>= 10.0.0'
    resolution:
      integrity: sha512-rb6X1W158d7pRQBg5gkR8uPaSfiids68LTJQYOtEUhoJUWBdaQHsuT/EUduxXYxcrt4r5PJ4fuHW1MHT6p0qug==
specifiers:
  '@tsfun/array': ^0.0.0
  '@types/fs-extra': ^9.0.0
  '@types/node': ^13.1.6
  fs-extra: ^9.0.0
  monorepo-shared-assets: ^0.0.19
  tslib: ^1.10.0
  unique-temp-path: '*'
