lockfileVersion: 5.3

specifiers:
  '@tsfun/array': ^0.0.0
  '@types/fs-extra': ^8.0.1
  '@types/node': ^13.1.6
  fs-extra: ^10.0.0
  monorepo-shared-assets: ^0.0.19
  tslib: ^1.10.0
  unique-temp-path: '*'

dependencies:
  '@tsfun/array': 0.0.0
  '@types/fs-extra': 8.0.1
  '@types/node': 13.1.6
  fs-extra: 10.1.0
  monorepo-shared-assets: link:../monorepo-shared-assets
  tslib: 1.10.0

devDependencies:
  unique-temp-path: link:../unique-temp-path

packages:

  /@tsfun/array/0.0.0:
    resolution: {integrity: sha512-y18KD65Ba1a7jXJ8PBIGjfkCtR32wd0XOPaV5D8z9uBiNE+pIF0PCnHKVHZ4+GcaRa/Y7HkTWJxmcjs283ggmw==}
    dependencies:
      '@types/node': 13.1.6
      tslib: 1.10.0
    dev: false

  /@types/fs-extra/8.0.1:
    resolution: {integrity: sha512-J00cVDALmi/hJOYsunyT52Hva5TnJeKP5yd1r+mH/ZU0mbYZflR0Z5kw5kITtKTRYMhm1JMClOFYdHnQszEvqw==}
    dependencies:
      '@types/node': 13.1.6
    dev: false

  /@types/node/13.1.6:
    resolution: {integrity: sha512-Jg1F+bmxcpENHP23sVKkNuU3uaxPnsBMW0cLjleiikFKomJQbsn0Cqk2yDvQArqzZN6ABfBkZ0To7pQ8sLdWDg==}
    dev: false

  /fs-extra/10.1.0:
    resolution: {integrity: sha512-oRXApq54ETRj4eMiFzGnHWGy+zo5raudjuxN0b8H7s/RU2oW0Wvsx9O0ACRN/kRq9E8Vu/ReskGB5o3ji+FzHQ==}
    engines: {node: '>=12'}
    dependencies:
      graceful-fs: 4.2.2
      jsonfile: 6.1.0
      universalify: 2.0.0
    dev: false

  /graceful-fs/4.2.2:
    resolution: {integrity: sha512-IItsdsea19BoLC7ELy13q1iJFNmd7ofZH5+X/pJr90/nRoPEX0DJo1dHDbgtYWOhJhcCgMDTOw84RZ72q6lB+Q==}
    dev: false

  /jsonfile/6.1.0:
    resolution: {integrity: sha512-5dgndWOriYSm5cnYaJNhalLNDKOqFwyDB/rr1E9ZsGciGvKPs8R2xYGCacuf3z6K1YKDz182fd+fY3cn3pMqXQ==}
    dependencies:
      universalify: 2.0.0
    optionalDependencies:
      graceful-fs: 4.2.2
    dev: false

  /tslib/1.10.0:
    resolution: {integrity: sha512-qOebF53frne81cf0S9B41ByenJ3/IuH8yJKngAX35CmiZySA0khhkovshKK+jGCaMnVomla7gVlIcc3EvKPbTQ==}
    dev: false

  /universalify/2.0.0:
    resolution: {integrity: sha512-hAZsKq7Yy11Zu1DE0OzWjw7nnLZmJZYTDZZyEFHZdUhV8FkH5MCfoU1XMaxXovpyW5nq5scPqq0ZDP9Zyl04oQ==}
    engines: {node: '>= 10.0.0'}
    dev: false
