dependencies:
  fs-extra: 7.0.1
  fs-tree-utils: 'link:../../typescript/fs-tree-utils'
lockfileVersion: 5
packages:
  /fs-extra/7.0.1:
    dependencies:
      graceful-fs: 4.1.15
      jsonfile: 4.0.0
      universalify: 0.1.2
    dev: false
    engines:
      node: '>=6 <7 || >=8'
    resolution:
      integrity: sha512-YJDaCJZEnBmcbw13fvdAM9AwNOJwOzrE4pqMqBq5nFiEqXUqHwlK4B+3pUw6JNvfSPtX05xFHtYy/1ni01eGCw==
  /graceful-fs/4.1.15:
    dev: false
    resolution:
      integrity: sha512-6uHUhOPEBgQ24HM+r6b/QwWfZq+yiFcipKFrOFiBEnWdy5sdzYoi+pJeQaPI5qOLRFqWmAXUPQNsielzdLoecA==
  /jsonfile/4.0.0:
    dev: false
    optionalDependencies:
      graceful-fs: 4.1.15
    resolution:
      integrity: sha1-h3Gq4HmbZAdrdmQPygWPnBDjPss=
  /universalify/0.1.2:
    dev: false
    engines:
      node: '>= 4.0.0'
    resolution:
      integrity: sha512-rBJeI5CXAlmy1pV+617WB9J63U6XcazHHF2f2dbJix4XzpUF0RS3Zbj0FGIOCAva5P/d/GBOYaACQ1w+0azUkg==
specifiers:
  fs-extra: ^7.0.1
  fs-tree-utils: ^0.1.6
