dependencies:
  '@types/node': 13.1.6
  advanced-set-base: 'link:../advanced-set-base'
  advanced-set-types: 'link:../advanced-set-types'
  convenient-typescript-utilities: 'link:../convenient-typescript-utilities'
  tslib: 1.10.0
lockfileVersion: 5.1
packages:
  /@types/node/13.1.6:
    dev: false
    resolution:
      integrity: sha512-Jg1F+bmxcpENHP23sVKkNuU3uaxPnsBMW0cLjleiikFKomJQbsn0Cqk2yDvQArqzZN6ABfBkZ0To7pQ8sLdWDg==
  /tslib/1.10.0:
    dev: false
    resolution:
      integrity: sha512-qOebF53frne81cf0S9B41ByenJ3/IuH8yJKngAX35CmiZySA0khhkovshKK+jGCaMnVomla7gVlIcc3EvKPbTQ==
specifiers:
  '@types/node': ^13.1.6
  advanced-set-base: ^0.0.2
  advanced-set-types: ^0.0.2
  convenient-typescript-utilities: ^0.0.5
  tslib: ^1.10.0
