dependencies:
  '@types/node': 11.12.0
  advanced-map-base: 'link:../advanced-map-base'
  advanced-map-types: 'link:../advanced-map-types'
  convenient-typescript-utilities: 'link:../convenient-typescript-utilities'
  tslib: 1.9.3
lockfileVersion: 5
packages:
  /@types/node/11.12.0:
    dev: false
    resolution:
      integrity: sha512-Lg00egj78gM+4aE0Erw05cuDbvX9sLJbaaPwwRtdCdAMnIudqrQZ0oZX98Ek0yiSK/A2nubHgJfvII/rTT2Dwg==
  /tslib/1.9.3:
    dev: false
    resolution:
      integrity: sha512-4krF8scpejhaOgqzBEcGM7yDIEfi0/8+8zDRZhNZZ2kjmHJ4hv3zCbQWxoJGz1iw5U0Jl0nma13xzHXcncMavQ==
specifiers:
  '@types/node': ^11.12.0
  advanced-map-base: ^0.0.2
  advanced-map-types: ^0.0.2
  convenient-typescript-utilities: ^0.0.3
  tslib: ^1.9.3
