lockfileVersion: 5.3

specifiers:
  '@types/node': ^16.0.0
  advanced-set-altered-equal: ^0.0.3
  advanced-set-base: ^0.0.2
  advanced-set-multi-key: ^0.0.4
  advanced-set-multi-key-base: ^0.0.4
  advanced-set-mutable-multi-key: ^0.0.4
  advanced-set-types: ^0.0.2
  tslib: ^1.10.0

dependencies:
  '@types/node': 16.11.60
  advanced-set-altered-equal: link:../advanced-set-altered-equal
  advanced-set-base: link:../advanced-set-base
  advanced-set-multi-key: link:../advanced-set-multi-key
  advanced-set-multi-key-base: link:../advanced-set-multi-key-base
  advanced-set-mutable-multi-key: link:../advanced-set-mutable-multi-key
  advanced-set-types: link:../advanced-set-types
  tslib: 1.10.0

packages:

  /@types/node/16.11.60:
    resolution: {integrity: sha512-kYIYa1D1L+HDv5M5RXQeEu1o0FKA6yedZIoyugm/MBPROkLpX4L7HRxMrPVyo8bnvjpW/wDlqFNGzXNMb7AdRw==}
    dev: false

  /tslib/1.10.0:
    resolution: {integrity: sha512-qOebF53frne81cf0S9B41ByenJ3/IuH8yJKngAX35CmiZySA0khhkovshKK+jGCaMnVomla7gVlIcc3EvKPbTQ==}
    dev: false
