dependencies:
  '@types/node': 13.1.6
  advanced-set-altered-equal: 'link:../advanced-set-altered-equal'
  advanced-set-base: 'link:../advanced-set-base'
  advanced-set-multi-key: 'link:../advanced-set-multi-key'
  advanced-set-multi-key-base: 'link:../advanced-set-multi-key-base'
  advanced-set-mutable-multi-key: 'link:../advanced-set-mutable-multi-key'
  advanced-set-types: 'link:../advanced-set-types'
  tslib: 2.0.0
lockfileVersion: 5.1
packages:
  /@types/node/13.1.6:
    dev: false
    resolution:
      integrity: sha512-Jg1F+bmxcpENHP23sVKkNuU3uaxPnsBMW0cLjleiikFKomJQbsn0Cqk2yDvQArqzZN6ABfBkZ0To7pQ8sLdWDg==
  /tslib/2.0.0:
    dev: false
    resolution:
      integrity: sha512-lTqkx847PI7xEDYJntxZH89L2/aXInsyF2luSafe/+0fHOMjlBNXdH6th7f70qxLDhul7KZK0zC8V5ZIyHl0/g==
specifiers:
  '@types/node': ^13.1.6
  advanced-set-altered-equal: ^0.0.3
  advanced-set-base: ^0.0.2
  advanced-set-multi-key: ^0.0.4
  advanced-set-multi-key-base: ^0.0.4
  advanced-set-mutable-multi-key: ^0.0.4
  advanced-set-types: ^0.0.2
  tslib: ^2.0.0
